// !$*UTF8*$!
{
	archiveVersion = 1;
	classes = {
	};
	objectVersion = 51;
	objects = {

/* Begin PBXBuildFile section */
		31915D02DE157DE981DD2588 /* Pods_Exercise_Timer.framework in Frameworks */ = {isa = PBXBuildFile; fileRef = E966CF11FB8CCAE5321D523A /* Pods_Exercise_Timer.framework */; };
		342EA9F125B1CF01001B9775 /* AppDelegate.swift in Sources */ = {isa = PBXBuildFile; fileRef = 342EA9F025B1CF01001B9775 /* AppDelegate.swift */; };
		342EA9F325B1CF01001B9775 /* SceneDelegate.swift in Sources */ = {isa = PBXBuildFile; fileRef = 342EA9F225B1CF01001B9775 /* SceneDelegate.swift */; };
		342EA9F525B1CF01001B9775 /* ViewController.swift in Sources */ = {isa = PBXBuildFile; fileRef = 342EA9F425B1CF01001B9775 /* ViewController.swift */; };
		342EA9FA25B1CF02001B9775 /* Assets.xcassets in Resources */ = {isa = PBXBuildFile; fileRef = 342EA9F925B1CF02001B9775 /* Assets.xcassets */; };
		342EA9FD25B1CF02001B9775 /* LaunchScreen.storyboard in Resources */ = {isa = PBXBuildFile; fileRef = 342EA9FB25B1CF02001B9775 /* LaunchScreen.storyboard */; };
		34B3BB1E25D687AA00E69DCF /* R.generated.swift in Sources */ = {isa = PBXBuildFile; fileRef = 34B3BB1D25D687AA00E69DCF /* R.generated.swift */; };
		34B3BB2825DABBDB00E69DCF /* MenuButton.swift in Sources */ = {isa = PBXBuildFile; fileRef = 34B3BB2725DABBDB00E69DCF /* MenuButton.swift */; };
/* End PBXBuildFile section */

/* Begin PBXFileReference section */
		342EA9ED25B1CF01001B9775 /* Exercise Timer.app */ = {isa = PBXFileReference; explicitFileType = wrapper.application; includeInIndex = 0; path = "Exercise Timer.app"; sourceTree = BUILT_PRODUCTS_DIR; };
		342EA9F025B1CF01001B9775 /* AppDelegate.swift */ = {isa = PBXFileReference; lastKnownFileType = sourcecode.swift; path = AppDelegate.swift; sourceTree = "<group>"; };
		342EA9F225B1CF01001B9775 /* SceneDelegate.swift */ = {isa = PBXFileReference; lastKnownFileType = sourcecode.swift; path = SceneDelegate.swift; sourceTree = "<group>"; };
		342EA9F425B1CF01001B9775 /* ViewController.swift */ = {isa = PBXFileReference; lastKnownFileType = sourcecode.swift; path = ViewController.swift; sourceTree = "<group>"; };
		342EA9F925B1CF02001B9775 /* Assets.xcassets */ = {isa = PBXFileReference; lastKnownFileType = folder.assetcatalog; path = Assets.xcassets; sourceTree = "<group>"; };
		342EA9FC25B1CF02001B9775 /* Base */ = {isa = PBXFileReference; lastKnownFileType = file.storyboard; name = Base; path = Base.lproj/LaunchScreen.storyboard; sourceTree = "<group>"; };
		342EA9FE25B1CF02001B9775 /* Info.plist */ = {isa = PBXFileReference; lastKnownFileType = text.plist.xml; name = Info.plist; path = "exercise-timer/Support files/Info.plist"; sourceTree = SOURCE_ROOT; };
		34B3BB1D25D687AA00E69DCF /* R.generated.swift */ = {isa = PBXFileReference; fileEncoding = 4; lastKnownFileType = sourcecode.swift; path = R.generated.swift; sourceTree = SOURCE_ROOT; };
		34B3BB2725DABBDB00E69DCF /* MenuButton.swift */ = {isa = PBXFileReference; lastKnownFileType = sourcecode.swift; path = MenuButton.swift; sourceTree = "<group>"; };
		DD9C194F166BD805656C6F1E /* Pods-Exercise Timer.release.xcconfig */ = {isa = PBXFileReference; includeInIndex = 1; lastKnownFileType = text.xcconfig; name = "Pods-Exercise Timer.release.xcconfig"; path = "Target Support Files/Pods-Exercise Timer/Pods-Exercise Timer.release.xcconfig"; sourceTree = "<group>"; };
		DDC2A7BE570158AFB4DFB494 /* Pods-Exercise Timer.debug.xcconfig */ = {isa = PBXFileReference; includeInIndex = 1; lastKnownFileType = text.xcconfig; name = "Pods-Exercise Timer.debug.xcconfig"; path = "Target Support Files/Pods-Exercise Timer/Pods-Exercise Timer.debug.xcconfig"; sourceTree = "<group>"; };
		E966CF11FB8CCAE5321D523A /* Pods_Exercise_Timer.framework */ = {isa = PBXFileReference; explicitFileType = wrapper.framework; includeInIndex = 0; path = Pods_Exercise_Timer.framework; sourceTree = BUILT_PRODUCTS_DIR; };
/* End PBXFileReference section */

/* Begin PBXFrameworksBuildPhase section */
		342EA9EA25B1CF01001B9775 /* Frameworks */ = {
			isa = PBXFrameworksBuildPhase;
			buildActionMask = 2147483647;
			files = (
				31915D02DE157DE981DD2588 /* Pods_Exercise_Timer.framework in Frameworks */,
			);
			runOnlyForDeploymentPostprocessing = 0;
		};
/* End PBXFrameworksBuildPhase section */

/* Begin PBXGroup section */
		342EA9E425B1CF01001B9775 = {
			isa = PBXGroup;
			children = (
				342EA9EF25B1CF01001B9775 /* exercise-timer */,
				342EA9EE25B1CF01001B9775 /* Products */,
				9FD33231F0CAFB5574784D22 /* Pods */,
				8A158DFA16D586B18BCD5908 /* Frameworks */,
			);
			sourceTree = "<group>";
		};
		342EA9EE25B1CF01001B9775 /* Products */ = {
			isa = PBXGroup;
			children = (
				342EA9ED25B1CF01001B9775 /* Exercise Timer.app */,
			);
			name = Products;
			sourceTree = "<group>";
		};
		342EA9EF25B1CF01001B9775 /* exercise-timer */ = {
			isa = PBXGroup;
			children = (
				342EA9F425B1CF01001B9775 /* ViewController.swift */,
				34B3BB2725DABBDB00E69DCF /* MenuButton.swift */,
				34B3BB0D25D662F500E69DCF /* Support files */,
			);
			path = "exercise-timer";
			sourceTree = "<group>";
		};
		34B3BB0D25D662F500E69DCF /* Support files */ = {
			isa = PBXGroup;
			children = (
				34B3BB1D25D687AA00E69DCF /* R.generated.swift */,
				342EA9FE25B1CF02001B9775 /* Info.plist */,
				342EA9F025B1CF01001B9775 /* AppDelegate.swift */,
				342EA9F225B1CF01001B9775 /* SceneDelegate.swift */,
				342EA9F925B1CF02001B9775 /* Assets.xcassets */,
				342EA9FB25B1CF02001B9775 /* LaunchScreen.storyboard */,
			);
			path = "Support files";
			sourceTree = "<group>";
		};
		8A158DFA16D586B18BCD5908 /* Frameworks */ = {
			isa = PBXGroup;
			children = (
				E966CF11FB8CCAE5321D523A /* Pods_Exercise_Timer.framework */,
			);
			name = Frameworks;
			sourceTree = "<group>";
		};
		9FD33231F0CAFB5574784D22 /* Pods */ = {
			isa = PBXGroup;
			children = (
				DDC2A7BE570158AFB4DFB494 /* Pods-Exercise Timer.debug.xcconfig */,
				DD9C194F166BD805656C6F1E /* Pods-Exercise Timer.release.xcconfig */,
			);
			path = Pods;
			sourceTree = "<group>";
		};
/* End PBXGroup section */

/* Begin PBXNativeTarget section */
		342EA9EC25B1CF01001B9775 /* Exercise Timer */ = {
			isa = PBXNativeTarget;
			buildConfigurationList = 342EAA0125B1CF02001B9775 /* Build configuration list for PBXNativeTarget "Exercise Timer" */;
			buildPhases = (
				F0691E299725C98D0A60D8AD /* [CP] Check Pods Manifest.lock */,
				34B3BB1B25D6871700E69DCF /* ShellScript */,
				342EA9E925B1CF01001B9775 /* Sources */,
				342EA9EA25B1CF01001B9775 /* Frameworks */,
				342EA9EB25B1CF01001B9775 /* Resources */,
				91707F5B2F4D3EE099949D9E /* [CP] Embed Pods Frameworks */,
			);
			buildRules = (
			);
			dependencies = (
			);
			name = "Exercise Timer";
			productName = "Exercise Timer";
			productReference = 342EA9ED25B1CF01001B9775 /* Exercise Timer.app */;
			productType = "com.apple.product-type.application";
		};
/* End PBXNativeTarget section */

/* Begin PBXProject section */
		342EA9E525B1CF01001B9775 /* Project object */ = {
			isa = PBXProject;
			attributes = {
				LastSwiftUpdateCheck = 1230;
				LastUpgradeCheck = 1230;
				TargetAttributes = {
					342EA9EC25B1CF01001B9775 = {
						CreatedOnToolsVersion = 12.3;
					};
				};
			};
			buildConfigurationList = 342EA9E825B1CF01001B9775 /* Build configuration list for PBXProject "Exercise Timer" */;
			compatibilityVersion = "Xcode 9.3";
			developmentRegion = en;
			hasScannedForEncodings = 0;
			knownRegions = (
				en,
				Base,
			);
			mainGroup = 342EA9E425B1CF01001B9775;
			productRefGroup = 342EA9EE25B1CF01001B9775 /* Products */;
			projectDirPath = "";
			projectRoot = "";
			targets = (
				342EA9EC25B1CF01001B9775 /* Exercise Timer */,
			);
		};
/* End PBXProject section */

/* Begin PBXResourcesBuildPhase section */
		342EA9EB25B1CF01001B9775 /* Resources */ = {
			isa = PBXResourcesBuildPhase;
			buildActionMask = 2147483647;
			files = (
				342EA9FD25B1CF02001B9775 /* LaunchScreen.storyboard in Resources */,
				342EA9FA25B1CF02001B9775 /* Assets.xcassets in Resources */,
			);
			runOnlyForDeploymentPostprocessing = 0;
		};
/* End PBXResourcesBuildPhase section */

/* Begin PBXShellScriptBuildPhase section */
		34B3BB1B25D6871700E69DCF /* ShellScript */ = {
			isa = PBXShellScriptBuildPhase;
			buildActionMask = 2147483647;
			files = (
			);
			inputFileListPaths = (
			);
			inputPaths = (
				"$TEMP_DIR/rswift-lastrun",
			);
			outputFileListPaths = (
			);
			outputPaths = (
				$SRCROOT/R.generated.swift,
			);
			runOnlyForDeploymentPostprocessing = 0;
			shellPath = /bin/sh;
			shellScript = "# Type a script or drag a script file from your workspace to insert its path.\n\"$PODS_ROOT/R.swift/rswift\" generate \"$SRCROOT/R.generated.swift\"\n";
		};
		91707F5B2F4D3EE099949D9E /* [CP] Embed Pods Frameworks */ = {
			isa = PBXShellScriptBuildPhase;
			buildActionMask = 2147483647;
			files = (
			);
			inputFileListPaths = (
				"${PODS_ROOT}/Target Support Files/Pods-Exercise Timer/Pods-Exercise Timer-frameworks-${CONFIGURATION}-input-files.xcfilelist",
			);
			name = "[CP] Embed Pods Frameworks";
			outputFileListPaths = (
				"${PODS_ROOT}/Target Support Files/Pods-Exercise Timer/Pods-Exercise Timer-frameworks-${CONFIGURATION}-output-files.xcfilelist",
			);
			runOnlyForDeploymentPostprocessing = 0;
			shellPath = /bin/sh;
			shellScript = "\"${PODS_ROOT}/Target Support Files/Pods-Exercise Timer/Pods-Exercise Timer-frameworks.sh\"\n";
			showEnvVarsInLog = 0;
		};
		F0691E299725C98D0A60D8AD /* [CP] Check Pods Manifest.lock */ = {
			isa = PBXShellScriptBuildPhase;
			buildActionMask = 2147483647;
			files = (
			);
			inputFileListPaths = (
			);
			inputPaths = (
				"${PODS_PODFILE_DIR_PATH}/Podfile.lock",
				"${PODS_ROOT}/Manifest.lock",
			);
			name = "[CP] Check Pods Manifest.lock";
			outputFileListPaths = (
			);
			outputPaths = (
				"$(DERIVED_FILE_DIR)/Pods-Exercise Timer-checkManifestLockResult.txt",
			);
			runOnlyForDeploymentPostprocessing = 0;
			shellPath = /bin/sh;
			shellScript = "diff \"${PODS_PODFILE_DIR_PATH}/Podfile.lock\" \"${PODS_ROOT}/Manifest.lock\" > /dev/null\nif [ $? != 0 ] ; then\n    # print error to STDERR\n    echo \"error: The sandbox is not in sync with the Podfile.lock. Run 'pod install' or update your CocoaPods installation.\" >&2\n    exit 1\nfi\n# This output is used by Xcode 'outputs' to avoid re-running this script phase.\necho \"SUCCESS\" > \"${SCRIPT_OUTPUT_FILE_0}\"\n";
			showEnvVarsInLog = 0;
		};
/* End PBXShellScriptBuildPhase section */

/* Begin PBXSourcesBuildPhase section */
		342EA9E925B1CF01001B9775 /* Sources */ = {
			isa = PBXSourcesBuildPhase;
			buildActionMask = 2147483647;
			files = (
				342EA9F525B1CF01001B9775 /* ViewController.swift in Sources */,
				342EA9F125B1CF01001B9775 /* AppDelegate.swift in Sources */,
				34B3BB2825DABBDB00E69DCF /* MenuButton.swift in Sources */,
				342EA9F325B1CF01001B9775 /* SceneDelegate.swift in Sources */,
				34B3BB1E25D687AA00E69DCF /* R.generated.swift in Sources */,
			);
			runOnlyForDeploymentPostprocessing = 0;
		};
/* End PBXSourcesBuildPhase section */

/* Begin PBXVariantGroup section */
		342EA9FB25B1CF02001B9775 /* LaunchScreen.storyboard */ = {
			isa = PBXVariantGroup;
			children = (
				342EA9FC25B1CF02001B9775 /* Base */,
			);
			name = LaunchScreen.storyboard;
			sourceTree = "<group>";
		};
/* End PBXVariantGroup section */

/* Begin XCBuildConfiguration section */
		342EA9FF25B1CF02001B9775 /* Debug */ = {
			isa = XCBuildConfiguration;
			buildSettings = {
				ALWAYS_SEARCH_USER_PATHS = NO;
				CLANG_ANALYZER_NONNULL = YES;
				CLANG_ANALYZER_NUMBER_OBJECT_CONVERSION = YES_AGGRESSIVE;
				CLANG_CXX_LANGUAGE_STANDARD = "gnu++14";
				CLANG_CXX_LIBRARY = "libc++";
				CLANG_ENABLE_MODULES = YES;
				CLANG_ENABLE_OBJC_ARC = YES;
				CLANG_ENABLE_OBJC_WEAK = YES;
				CLANG_WARN_BLOCK_CAPTURE_AUTORELEASING = YES;
				CLANG_WARN_BOOL_CONVERSION = YES;
				CLANG_WARN_COMMA = YES;
				CLANG_WARN_CONSTANT_CONVERSION = YES;
				CLANG_WARN_DEPRECATED_OBJC_IMPLEMENTATIONS = YES;
				CLANG_WARN_DIRECT_OBJC_ISA_USAGE = YES_ERROR;
				CLANG_WARN_DOCUMENTATION_COMMENTS = YES;
				CLANG_WARN_EMPTY_BODY = YES;
				CLANG_WARN_ENUM_CONVERSION = YES;
				CLANG_WARN_INFINITE_RECURSION = YES;
				CLANG_WARN_INT_CONVERSION = YES;
				CLANG_WARN_NON_LITERAL_NULL_CONVERSION = YES;
				CLANG_WARN_OBJC_IMPLICIT_RETAIN_SELF = YES;
				CLANG_WARN_OBJC_LITERAL_CONVERSION = YES;
				CLANG_WARN_OBJC_ROOT_CLASS = YES_ERROR;
				CLANG_WARN_QUOTED_INCLUDE_IN_FRAMEWORK_HEADER = YES;
				CLANG_WARN_RANGE_LOOP_ANALYSIS = YES;
				CLANG_WARN_STRICT_PROTOTYPES = YES;
				CLANG_WARN_SUSPICIOUS_MOVE = YES;
				CLANG_WARN_UNGUARDED_AVAILABILITY = YES_AGGRESSIVE;
				CLANG_WARN_UNREACHABLE_CODE = YES;
				CLANG_WARN__DUPLICATE_METHOD_MATCH = YES;
				COPY_PHASE_STRIP = NO;
				DEBUG_INFORMATION_FORMAT = dwarf;
				ENABLE_STRICT_OBJC_MSGSEND = YES;
				ENABLE_TESTABILITY = YES;
				GCC_C_LANGUAGE_STANDARD = gnu11;
				GCC_DYNAMIC_NO_PIC = NO;
				GCC_NO_COMMON_BLOCKS = YES;
				GCC_OPTIMIZATION_LEVEL = 0;
				GCC_PREPROCESSOR_DEFINITIONS = (
					"DEBUG=1",
					"$(inherited)",
				);
				GCC_WARN_64_TO_32_BIT_CONVERSION = YES;
				GCC_WARN_ABOUT_RETURN_TYPE = YES_ERROR;
				GCC_WARN_UNDECLARED_SELECTOR = YES;
				GCC_WARN_UNINITIALIZED_AUTOS = YES_AGGRESSIVE;
				GCC_WARN_UNUSED_FUNCTION = YES;
				GCC_WARN_UNUSED_VARIABLE = YES;
				IPHONEOS_DEPLOYMENT_TARGET = 14.3;
				MTL_ENABLE_DEBUG_INFO = INCLUDE_SOURCE;
				MTL_FAST_MATH = YES;
				ONLY_ACTIVE_ARCH = YES;
				SDKROOT = iphoneos;
				SWIFT_ACTIVE_COMPILATION_CONDITIONS = DEBUG;
				SWIFT_OPTIMIZATION_LEVEL = "-Onone";
			};
			name = Debug;
		};
		342EAA0025B1CF02001B9775 /* Release */ = {
			isa = XCBuildConfiguration;
			buildSettings = {
				ALWAYS_SEARCH_USER_PATHS = NO;
				CLANG_ANALYZER_NONNULL = YES;
				CLANG_ANALYZER_NUMBER_OBJECT_CONVERSION = YES_AGGRESSIVE;
				CLANG_CXX_LANGUAGE_STANDARD = "gnu++14";
				CLANG_CXX_LIBRARY = "libc++";
				CLANG_ENABLE_MODULES = YES;
				CLANG_ENABLE_OBJC_ARC = YES;
				CLANG_ENABLE_OBJC_WEAK = YES;
				CLANG_WARN_BLOCK_CAPTURE_AUTORELEASING = YES;
				CLANG_WARN_BOOL_CONVERSION = YES;
				CLANG_WARN_COMMA = YES;
				CLANG_WARN_CONSTANT_CONVERSION = YES;
				CLANG_WARN_DEPRECATED_OBJC_IMPLEMENTATIONS = YES;
				CLANG_WARN_DIRECT_OBJC_ISA_USAGE = YES_ERROR;
				CLANG_WARN_DOCUMENTATION_COMMENTS = YES;
				CLANG_WARN_EMPTY_BODY = YES;
				CLANG_WARN_ENUM_CONVERSION = YES;
				CLANG_WARN_INFINITE_RECURSION = YES;
				CLANG_WARN_INT_CONVERSION = YES;
				CLANG_WARN_NON_LITERAL_NULL_CONVERSION = YES;
				CLANG_WARN_OBJC_IMPLICIT_RETAIN_SELF = YES;
				CLANG_WARN_OBJC_LITERAL_CONVERSION = YES;
				CLANG_WARN_OBJC_ROOT_CLASS = YES_ERROR;
				CLANG_WARN_QUOTED_INCLUDE_IN_FRAMEWORK_HEADER = YES;
				CLANG_WARN_RANGE_LOOP_ANALYSIS = YES;
				CLANG_WARN_STRICT_PROTOTYPES = YES;
				CLANG_WARN_SUSPICIOUS_MOVE = YES;
				CLANG_WARN_UNGUARDED_AVAILABILITY = YES_AGGRESSIVE;
				CLANG_WARN_UNREACHABLE_CODE = YES;
				CLANG_WARN__DUPLICATE_METHOD_MATCH = YES;
				COPY_PHASE_STRIP = NO;
				DEBUG_INFORMATION_FORMAT = "dwarf-with-dsym";
				ENABLE_NS_ASSERTIONS = NO;
				ENABLE_STRICT_OBJC_MSGSEND = YES;
				GCC_C_LANGUAGE_STANDARD = gnu11;
				GCC_NO_COMMON_BLOCKS = YES;
				GCC_WARN_64_TO_32_BIT_CONVERSION = YES;
				GCC_WARN_ABOUT_RETURN_TYPE = YES_ERROR;
				GCC_WARN_UNDECLARED_SELECTOR = YES;
				GCC_WARN_UNINITIALIZED_AUTOS = YES_AGGRESSIVE;
				GCC_WARN_UNUSED_FUNCTION = YES;
				GCC_WARN_UNUSED_VARIABLE = YES;
				IPHONEOS_DEPLOYMENT_TARGET = 14.3;
				MTL_ENABLE_DEBUG_INFO = NO;
				MTL_FAST_MATH = YES;
				SDKROOT = iphoneos;
				SWIFT_COMPILATION_MODE = wholemodule;
				SWIFT_OPTIMIZATION_LEVEL = "-O";
				VALIDATE_PRODUCT = YES;
			};
			name = Release;
		};
		342EAA0225B1CF02001B9775 /* Debug */ = {
			isa = XCBuildConfiguration;
			baseConfigurationReference = DDC2A7BE570158AFB4DFB494 /* Pods-Exercise Timer.debug.xcconfig */;
			buildSettings = {
				ASSETCATALOG_COMPILER_APPICON_NAME = AppIcon;
				ASSETCATALOG_COMPILER_GLOBAL_ACCENT_COLOR_NAME = AccentColor;
				CODE_SIGN_STYLE = Automatic;
				DEVELOPMENT_TEAM = 3HTJLKJT8Q;
				INFOPLIST_FILE = "$(SRCROOT)/exercise-timer/Support files/Info.plist";
				IPHONEOS_DEPLOYMENT_TARGET = 13.6;
				LD_RUNPATH_SEARCH_PATHS = (
					"$(inherited)",
					"@executable_path/Frameworks",
				);
				PRODUCT_BUNDLE_IDENTIFIER = "com.tommisaarikangas.Exercise-Timer";
				PRODUCT_NAME = "$(TARGET_NAME)";
				SWIFT_VERSION = 5.0;
				TARGETED_DEVICE_FAMILY = "1,2";
			};
			name = Debug;
		};
		342EAA0325B1CF02001B9775 /* Release */ = {
			isa = XCBuildConfiguration;
			baseConfigurationReference = DD9C194F166BD805656C6F1E /* Pods-Exercise Timer.release.xcconfig */;
			buildSettings = {
				ASSETCATALOG_COMPILER_APPICON_NAME = AppIcon;
				ASSETCATALOG_COMPILER_GLOBAL_ACCENT_COLOR_NAME = AccentColor;
				CODE_SIGN_STYLE = Automatic;
				DEVELOPMENT_TEAM = 3HTJLKJT8Q;
				INFOPLIST_FILE = "$(SRCROOT)/exercise-timer/Support files/Info.plist";
				IPHONEOS_DEPLOYMENT_TARGET = 13.6;
				LD_RUNPATH_SEARCH_PATHS = (
					"$(inherited)",
					"@executable_path/Frameworks",
				);
				PRODUCT_BUNDLE_IDENTIFIER = "com.tommisaarikangas.Exercise-Timer";
				PRODUCT_NAME = "$(TARGET_NAME)";
				SWIFT_VERSION = 5.0;
				TARGETED_DEVICE_FAMILY = "1,2";
			};
			name = Release;
		};
/* End XCBuildConfiguration section */

/* Begin XCConfigurationList section */
		342EA9E825B1CF01001B9775 /* Build configuration list for PBXProject "Exercise Timer" */ = {
			isa = XCConfigurationList;
			buildConfigurations = (
				342EA9FF25B1CF02001B9775 /* Debug */,
				342EAA0025B1CF02001B9775 /* Release */,
			);
			defaultConfigurationIsVisible = 0;
			defaultConfigurationName = Release;
		};
		342EAA0125B1CF02001B9775 /* Build configuration list for PBXNativeTarget "Exercise Timer" */ = {
			isa = XCConfigurationList;
			buildConfigurations = (
				342EAA0225B1CF02001B9775 /* Debug */,
				342EAA0325B1CF02001B9775 /* Release */,
			);
			defaultConfigurationIsVisible = 0;
			defaultConfigurationName = Release;
		};
/* End XCConfigurationList section */
	};
	rootObject = 342EA9E525B1CF01001B9775 /* Project object */;
}
